
Microsoft Visual Studio Solution File, Format Version 12.00
# Visual Studio Version 17
VisualStudioVersion = 17.14.36121.58
MinimumVisualStudioVersion = 10.0.40219.1
Project("{FAE04EC0-301F-11D3-BF4B-00C04F79EFBC}") = "proyectos", "proyectos.csproj", "{ECD09177-341E-48AD-BCA5-7A0358281435}"
EndProject
Global
	GlobalSection(SolutionConfigurationPlatforms) = preSolution
		Debug|Any CPU = Debug|Any CPU
		Release|Any CPU = Release|Any CPU
	EndGlobalSection
	GlobalSection(ProjectConfigurationPlatforms) = postSolution
		{ECD09177-341E-48AD-BCA5-7A0358281435}.Debug|Any CPU.ActiveCfg = Debug|Any CPU
		{ECD09177-341E-48AD-BCA5-7A0358281435}.Debug|Any CPU.Build.0 = Debug|Any CPU
		{ECD09177-341E-48AD-BCA5-7A0358281435}.Release|Any CPU.ActiveCfg = Release|Any CPU
		{ECD09177-341E-48AD-BCA5-7A0358281435}.Release|Any CPU.Build.0 = Release|Any CPU
	EndGlobalSection
	GlobalSection(SolutionProperties) = preSolution
		HideSolutionNode = FALSE
	EndGlobalSection
	GlobalSection(ExtensibilityGlobals) = postSolution
		SolutionGuid = {AD3DCDED-6925-4E1A-8C00-79775873E3E7}
	EndGlobalSection
EndGlobal
